
Microsoft Visual Studio Solution File, Format Version 12.00
# Visual Studio Version 17
VisualStudioVersion = 17.11.35222.181
MinimumVisualStudioVersion = 10.0.40219.1
Project("{8BC9CEB8-8B4A-11D0-8D11-00A0C91BC942}") = "PPP2_1", "PPP2_1\PPP2_1.vcxproj", "{CF1FD25F-825C-4E52-9D64-5F93B9ACCEB2}"
EndProject
Global
	GlobalSection(SolutionConfigurationPlatforms) = preSolution
		Debug|x64 = Debug|x64
		Debug|x86 = Debug|x86
		Release|x64 = Release|x64
		Release|x86 = Release|x86
	EndGlobalSection
	GlobalSection(ProjectConfigurationPlatforms) = postSolution
		{CF1FD25F-825C-4E52-9D64-5F93B9ACCEB2}.Debug|x64.ActiveCfg = Debug|x64
		{CF1FD25F-825C-4E52-9D64-5F93B9ACCEB2}.Debug|x64.Build.0 = Debug|x64
		{CF1FD25F-825C-4E52-9D64-5F93B9ACCEB2}.Debug|x86.ActiveCfg = Debug|Win32
		{CF1FD25F-825C-4E52-9D64-5F93B9ACCEB2}.Debug|x86.Build.0 = Debug|Win32
		{CF1FD25F-825C-4E52-9D64-5F93B9ACCEB2}.Release|x64.ActiveCfg = Release|x64
		{CF1FD25F-825C-4E52-9D64-5F93B9ACCEB2}.Release|x64.Build.0 = Release|x64
		{CF1FD25F-825C-4E52-9D64-5F93B9ACCEB2}.Release|x86.ActiveCfg = Release|Win32
		{CF1FD25F-825C-4E52-9D64-5F93B9ACCEB2}.Release|x86.Build.0 = Release|Win32
	EndGlobalSection
	GlobalSection(SolutionProperties) = preSolution
		HideSolutionNode = FALSE
	EndGlobalSection
	GlobalSection(ExtensibilityGlobals) = postSolution
		SolutionGuid = {0BF40EA6-C0AB-464A-B1E4-7664779F8004}
	EndGlobalSection
EndGlobal
